
Microsoft Visual Studio Solution File, Format Version 12.00
# Blend for Visual Studio 15
VisualStudioVersion = 15.0.28307.572
MinimumVisualStudioVersion = 10.0.40219.1
Project("{FAE04EC0-301F-11D3-BF4B-00C04F79EFBC}") = "Placien", "Placien.csproj", "{C926DF01-3E3D-4339-9783-8345472EF72F}"
EndProject
Global
	GlobalSection(SolutionConfigurationPlatforms) = preSolution
		Debug|Any CPU = Debug|Any CPU
		Release|Any CPU = Release|Any CPU
	EndGlobalSection
	GlobalSection(ProjectConfigurationPlatforms) = postSolution
		{C926DF01-3E3D-4339-9783-8345472EF72F}.Debug|Any CPU.ActiveCfg = Debug|Any CPU
		{C926DF01-3E3D-4339-9783-8345472EF72F}.Debug|Any CPU.Build.0 = Debug|Any CPU
		{C926DF01-3E3D-4339-9783-8345472EF72F}.Release|Any CPU.ActiveCfg = Release|Any CPU
		{C926DF01-3E3D-4339-9783-8345472EF72F}.Release|Any CPU.Build.0 = Release|Any CPU
	EndGlobalSection
	GlobalSection(SolutionProperties) = preSolution
		HideSolutionNode = FALSE
	EndGlobalSection
	GlobalSection(ExtensibilityGlobals) = postSolution
		SolutionGuid = {5C9614FE-3A76-4BE6-89C6-714453B5DB37}
	EndGlobalSection
EndGlobal
