
Microsoft Visual Studio Solution File, Format Version 12.00
# Blend for Visual Studio 15
VisualStudioVersion = 15.0.27428.2005
MinimumVisualStudioVersion = 10.0.40219.1
Project("{2150E333-8FDC-42A3-9474-1A3956D46DE8}") = "Documentation", "Documentation", "{F53381E4-8634-488B-AB7B-875901A52B6E}"
ProjectSection(SolutionItems) = preProject
	..\LICENSE = ..\LICENSE
	..\README.md = ..\README.md
	..\doc\domain.md = ..\doc\domain.md
EndProjectSection
EndProject
Project("{FAE04EC0-301F-11D3-BF4B-00C04F79EFBC}") = "SPV3.Bbkpify.Core", "SPV3.Bbkpify.Core\SPV3.Bbkpify.Core.csproj", "{48657DE4-CE1C-477B-B728-A6E83C04E7D5}"
EndProject
Global
	GlobalSection(SolutionConfigurationPlatforms) = preSolution
		Debug|Any CPU = Debug|Any CPU
		Release|Any CPU = Release|Any CPU
	EndGlobalSection
	GlobalSection(ProjectConfigurationPlatforms) = postSolution
		{48657DE4-CE1C-477B-B728-A6E83C04E7D5}.Debug|Any CPU.ActiveCfg = Debug|Any CPU
		{48657DE4-CE1C-477B-B728-A6E83C04E7D5}.Debug|Any CPU.Build.0 = Debug|Any CPU
		{48657DE4-CE1C-477B-B728-A6E83C04E7D5}.Release|Any CPU.ActiveCfg = Release|Any CPU
		{48657DE4-CE1C-477B-B728-A6E83C04E7D5}.Release|Any CPU.Build.0 = Release|Any CPU
	EndGlobalSection
	GlobalSection(SolutionProperties) = preSolution
		HideSolutionNode = FALSE
	EndGlobalSection
	GlobalSection(NestedProjects) = preSolution
	EndGlobalSection
	GlobalSection(ExtensibilityGlobals) = postSolution
		SolutionGuid = {3674F5A7-9945-4DDF-82B1-1C5A23767583}
	EndGlobalSection
EndGlobal
